
Microsoft Visual Studio Solution File, Format Version 12.00
# Visual Studio Version 17
VisualStudioVersion = 17.14.36408.4
MinimumVisualStudioVersion = 10.0.40219.1
Project("{FAE04EC0-301F-11D3-BF4B-00C04F79EFBC}") = "ProductComparisonApi.Tests", "ProductComparisonApi.Tests\ProductComparisonApi.Tests.csproj", "{271D3E4C-A9AD-4733-AA70-57332A9F91E7}"
EndProject
Project("{FAE04EC0-301F-11D3-BF4B-00C04F79EFBC}") = "ProductComparisonApi.Domain", "ProductComparisonApi.Domain\ProductComparisonApi.Domain.csproj", "{D581A70F-C4B5-4104-A0F6-4C38799EAF2A}"
EndProject
Project("{FAE04EC0-301F-11D3-BF4B-00C04F79EFBC}") = "ProductComparisonApi.Application", "ProductComparisonApi.Application\ProductComparisonApi.Application.csproj", "{8CAD3012-937A-448E-AD4A-7A251B6A1ECF}"
EndProject
Project("{FAE04EC0-301F-11D3-BF4B-00C04F79EFBC}") = "ProductComparisonApi.Infrastructure", "ProductComparisonApi.Infrastructure\ProductComparisonApi.Infrastructure.csproj", "{B1A549A3-A619-4755-9F42-FB175DC2C42E}"
EndProject
Project("{FAE04EC0-301F-11D3-BF4B-00C04F79EFBC}") = "ProductComparisonApi.API", "ProductComparisonApi.API\ProductComparisonApi.API.csproj", "{A5F372F5-169E-4F87-89C6-2458C8794C4F}"
EndProject
Global
	GlobalSection(SolutionConfigurationPlatforms) = preSolution
		Debug|Any CPU = Debug|Any CPU
		Release|Any CPU = Release|Any CPU
	EndGlobalSection
	GlobalSection(ProjectConfigurationPlatforms) = postSolution
		{271D3E4C-A9AD-4733-AA70-57332A9F91E7}.Debug|Any CPU.ActiveCfg = Debug|Any CPU
		{271D3E4C-A9AD-4733-AA70-57332A9F91E7}.Debug|Any CPU.Build.0 = Debug|Any CPU
		{271D3E4C-A9AD-4733-AA70-57332A9F91E7}.Release|Any CPU.ActiveCfg = Release|Any CPU
		{271D3E4C-A9AD-4733-AA70-57332A9F91E7}.Release|Any CPU.Build.0 = Release|Any CPU
		{D581A70F-C4B5-4104-A0F6-4C38799EAF2A}.Debug|Any CPU.ActiveCfg = Debug|Any CPU
		{D581A70F-C4B5-4104-A0F6-4C38799EAF2A}.Debug|Any CPU.Build.0 = Debug|Any CPU
		{D581A70F-C4B5-4104-A0F6-4C38799EAF2A}.Release|Any CPU.ActiveCfg = Release|Any CPU
		{D581A70F-C4B5-4104-A0F6-4C38799EAF2A}.Release|Any CPU.Build.0 = Release|Any CPU
		{8CAD3012-937A-448E-AD4A-7A251B6A1ECF}.Debug|Any CPU.ActiveCfg = Debug|Any CPU
		{8CAD3012-937A-448E-AD4A-7A251B6A1ECF}.Debug|Any CPU.Build.0 = Debug|Any CPU
		{8CAD3012-937A-448E-AD4A-7A251B6A1ECF}.Release|Any CPU.ActiveCfg = Release|Any CPU
		{8CAD3012-937A-448E-AD4A-7A251B6A1ECF}.Release|Any CPU.Build.0 = Release|Any CPU
		{B1A549A3-A619-4755-9F42-FB175DC2C42E}.Debug|Any CPU.ActiveCfg = Debug|Any CPU
		{B1A549A3-A619-4755-9F42-FB175DC2C42E}.Debug|Any CPU.Build.0 = Debug|Any CPU
		{B1A549A3-A619-4755-9F42-FB175DC2C42E}.Release|Any CPU.ActiveCfg = Release|Any CPU
		{B1A549A3-A619-4755-9F42-FB175DC2C42E}.Release|Any CPU.Build.0 = Release|Any CPU
		{A5F372F5-169E-4F87-89C6-2458C8794C4F}.Debug|Any CPU.ActiveCfg = Debug|Any CPU
		{A5F372F5-169E-4F87-89C6-2458C8794C4F}.Debug|Any CPU.Build.0 = Debug|Any CPU
		{A5F372F5-169E-4F87-89C6-2458C8794C4F}.Release|Any CPU.ActiveCfg = Release|Any CPU
		{A5F372F5-169E-4F87-89C6-2458C8794C4F}.Release|Any CPU.Build.0 = Release|Any CPU
	EndGlobalSection
	GlobalSection(SolutionProperties) = preSolution
		HideSolutionNode = FALSE
	EndGlobalSection
	GlobalSection(ExtensibilityGlobals) = postSolution
		SolutionGuid = {1F502C79-CA5E-4F96-A994-EDB36969FF71}
	EndGlobalSection
EndGlobal
